// !$*UTF8*$!
{
	archiveVersion = 1;
	classes = {
	};
	objectVersion = 50;
	objects = {

/* Begin PBXBuildFile section */
		402C41FA241EF9E000DC2376 /* NavigationType.swift in Sources */ = {isa = PBXBuildFile; fileRef = 402C41F9241EF9E000DC2376 /* NavigationType.swift */; };
		402C41FD241EFA3400DC2376 /* Wireframing.swift in Sources */ = {isa = PBXBuildFile; fileRef = 402C41FC241EFA3400DC2376 /* Wireframing.swift */; };
		402C41FF241EFA5200DC2376 /* Navigating.swift in Sources */ = {isa = PBXBuildFile; fileRef = 402C41FE241EFA5200DC2376 /* Navigating.swift */; };
		402C4202241EFA9700DC2376 /* UIWindown+Navigating.swift in Sources */ = {isa = PBXBuildFile; fileRef = 402C4201241EFA9700DC2376 /* UIWindown+Navigating.swift */; };
		402C4204241EFAC100DC2376 /* UINavigationController+Navigating.swift in Sources */ = {isa = PBXBuildFile; fileRef = 402C4203241EFAC100DC2376 /* UINavigationController+Navigating.swift */; };
		402C4206241EFACC00DC2376 /* UITabBarController+Navigating.swift in Sources */ = {isa = PBXBuildFile; fileRef = 402C4205241EFACC00DC2376 /* UITabBarController+Navigating.swift */; };
		402C4208241EFAEB00DC2376 /* Routing.swift in Sources */ = {isa = PBXBuildFile; fileRef = 402C4207241EFAEB00DC2376 /* Routing.swift */; };
		402C420C241EFB1200DC2376 /* Router.swift in Sources */ = {isa = PBXBuildFile; fileRef = 402C420B241EFB1200DC2376 /* Router.swift */; };
		402C420E241EFB5400DC2376 /* Router+UITabBarControllerDelegate.swift in Sources */ = {isa = PBXBuildFile; fileRef = 402C420D241EFB5400DC2376 /* Router+UITabBarControllerDelegate.swift */; };
		402C4210241EFBE800DC2376 /* Navigating+Default.swift in Sources */ = {isa = PBXBuildFile; fileRef = 402C420F241EFBE800DC2376 /* Navigating+Default.swift */; };
		402C4217241F007300DC2376 /* AppURL.swift in Sources */ = {isa = PBXBuildFile; fileRef = 402C4216241F007300DC2376 /* AppURL.swift */; };
		4065D8712426FAC000ABCC6C /* RoutingFramework.h in Headers */ = {isa = PBXBuildFile; fileRef = 4065D86F2426FAC000ABCC6C /* RoutingFramework.h */; settings = {ATTRIBUTES = (Public, ); }; };
		4065D88D2426FCDC00ABCC6C /* AppURL.swift in Sources */ = {isa = PBXBuildFile; fileRef = 402C4216241F007300DC2376 /* AppURL.swift */; };
		4065D88E2426FCDC00ABCC6C /* Router.swift in Sources */ = {isa = PBXBuildFile; fileRef = 402C420B241EFB1200DC2376 /* Router.swift */; };
		4065D88F2426FCDC00ABCC6C /* UIWindown+Navigating.swift in Sources */ = {isa = PBXBuildFile; fileRef = 402C4201241EFA9700DC2376 /* UIWindown+Navigating.swift */; };
		4065D8902426FCDC00ABCC6C /* UINavigationController+Navigating.swift in Sources */ = {isa = PBXBuildFile; fileRef = 402C4203241EFAC100DC2376 /* UINavigationController+Navigating.swift */; };
		4065D8912426FCDC00ABCC6C /* UITabBarController+Navigating.swift in Sources */ = {isa = PBXBuildFile; fileRef = 402C4205241EFACC00DC2376 /* UITabBarController+Navigating.swift */; };
		4065D8922426FCDC00ABCC6C /* Router+UITabBarControllerDelegate.swift in Sources */ = {isa = PBXBuildFile; fileRef = 402C420D241EFB5400DC2376 /* Router+UITabBarControllerDelegate.swift */; };
		4065D8932426FCDC00ABCC6C /* Navigating+Default.swift in Sources */ = {isa = PBXBuildFile; fileRef = 402C420F241EFBE800DC2376 /* Navigating+Default.swift */; };
		4065D8942426FCDC00ABCC6C /* Wireframing.swift in Sources */ = {isa = PBXBuildFile; fileRef = 402C41FC241EFA3400DC2376 /* Wireframing.swift */; };
		4065D8952426FCDC00ABCC6C /* Navigating.swift in Sources */ = {isa = PBXBuildFile; fileRef = 402C41FE241EFA5200DC2376 /* Navigating.swift */; };
		4065D8962426FCDC00ABCC6C /* Routing.swift in Sources */ = {isa = PBXBuildFile; fileRef = 402C4207241EFAEB00DC2376 /* Routing.swift */; };
		4065D8972426FCDC00ABCC6C /* NavigationType.swift in Sources */ = {isa = PBXBuildFile; fileRef = 402C41F9241EF9E000DC2376 /* NavigationType.swift */; };
		408027DB2427057A00F38E0D /* Routing_tvOS.h in Headers */ = {isa = PBXBuildFile; fileRef = 408027D92427057A00F38E0D /* Routing_tvOS.h */; settings = {ATTRIBUTES = (Public, ); }; };
		408027DF2427058E00F38E0D /* AppURL.swift in Sources */ = {isa = PBXBuildFile; fileRef = 402C4216241F007300DC2376 /* AppURL.swift */; };
		408027E02427058E00F38E0D /* Router.swift in Sources */ = {isa = PBXBuildFile; fileRef = 402C420B241EFB1200DC2376 /* Router.swift */; };
		408027E12427058E00F38E0D /* UIWindown+Navigating.swift in Sources */ = {isa = PBXBuildFile; fileRef = 402C4201241EFA9700DC2376 /* UIWindown+Navigating.swift */; };
		408027E22427058E00F38E0D /* UINavigationController+Navigating.swift in Sources */ = {isa = PBXBuildFile; fileRef = 402C4203241EFAC100DC2376 /* UINavigationController+Navigating.swift */; };
		408027E32427058E00F38E0D /* UITabBarController+Navigating.swift in Sources */ = {isa = PBXBuildFile; fileRef = 402C4205241EFACC00DC2376 /* UITabBarController+Navigating.swift */; };
		408027E42427058E00F38E0D /* Router+UITabBarControllerDelegate.swift in Sources */ = {isa = PBXBuildFile; fileRef = 402C420D241EFB5400DC2376 /* Router+UITabBarControllerDelegate.swift */; };
		408027E52427058E00F38E0D /* Navigating+Default.swift in Sources */ = {isa = PBXBuildFile; fileRef = 402C420F241EFBE800DC2376 /* Navigating+Default.swift */; };
		408027E62427058E00F38E0D /* Wireframing.swift in Sources */ = {isa = PBXBuildFile; fileRef = 402C41FC241EFA3400DC2376 /* Wireframing.swift */; };
		408027E72427058E00F38E0D /* Navigating.swift in Sources */ = {isa = PBXBuildFile; fileRef = 402C41FE241EFA5200DC2376 /* Navigating.swift */; };
		408027E82427058E00F38E0D /* Routing.swift in Sources */ = {isa = PBXBuildFile; fileRef = 402C4207241EFAEB00DC2376 /* Routing.swift */; };
		408027E92427058E00F38E0D /* NavigationType.swift in Sources */ = {isa = PBXBuildFile; fileRef = 402C41F9241EF9E000DC2376 /* NavigationType.swift */; };
/* End PBXBuildFile section */

/* Begin PBXCopyFilesBuildPhase section */
		402C41EB241EF91300DC2376 /* CopyFiles */ = {
			isa = PBXCopyFilesBuildPhase;
			buildActionMask = 2147483647;
			dstPath = "include/$(PRODUCT_NAME)";
			dstSubfolderSpec = 16;
			files = (
			);
			runOnlyForDeploymentPostprocessing = 0;
		};
/* End PBXCopyFilesBuildPhase section */

/* Begin PBXFileReference section */
		402C41ED241EF91300DC2376 /* libRoutingStaticLibrary.a */ = {isa = PBXFileReference; explicitFileType = archive.ar; includeInIndex = 0; path = libRoutingStaticLibrary.a; sourceTree = BUILT_PRODUCTS_DIR; };
		402C41F9241EF9E000DC2376 /* NavigationType.swift */ = {isa = PBXFileReference; lastKnownFileType = sourcecode.swift; path = NavigationType.swift; sourceTree = "<group>"; };
		402C41FC241EFA3400DC2376 /* Wireframing.swift */ = {isa = PBXFileReference; lastKnownFileType = sourcecode.swift; path = Wireframing.swift; sourceTree = "<group>"; };
		402C41FE241EFA5200DC2376 /* Navigating.swift */ = {isa = PBXFileReference; lastKnownFileType = sourcecode.swift; path = Navigating.swift; sourceTree = "<group>"; };
		402C4201241EFA9700DC2376 /* UIWindown+Navigating.swift */ = {isa = PBXFileReference; lastKnownFileType = sourcecode.swift; path = "UIWindown+Navigating.swift"; sourceTree = "<group>"; };
		402C4203241EFAC100DC2376 /* UINavigationController+Navigating.swift */ = {isa = PBXFileReference; lastKnownFileType = sourcecode.swift; path = "UINavigationController+Navigating.swift"; sourceTree = "<group>"; };
		402C4205241EFACC00DC2376 /* UITabBarController+Navigating.swift */ = {isa = PBXFileReference; lastKnownFileType = sourcecode.swift; path = "UITabBarController+Navigating.swift"; sourceTree = "<group>"; };
		402C4207241EFAEB00DC2376 /* Routing.swift */ = {isa = PBXFileReference; lastKnownFileType = sourcecode.swift; path = Routing.swift; sourceTree = "<group>"; };
		402C420B241EFB1200DC2376 /* Router.swift */ = {isa = PBXFileReference; lastKnownFileType = sourcecode.swift; path = Router.swift; sourceTree = "<group>"; };
		402C420D241EFB5400DC2376 /* Router+UITabBarControllerDelegate.swift */ = {isa = PBXFileReference; lastKnownFileType = sourcecode.swift; path = "Router+UITabBarControllerDelegate.swift"; sourceTree = "<group>"; };
		402C420F241EFBE800DC2376 /* Navigating+Default.swift */ = {isa = PBXFileReference; lastKnownFileType = sourcecode.swift; path = "Navigating+Default.swift"; sourceTree = "<group>"; };
		402C4216241F007300DC2376 /* AppURL.swift */ = {isa = PBXFileReference; lastKnownFileType = sourcecode.swift; path = AppURL.swift; sourceTree = "<group>"; };
		4065D86D2426FAC000ABCC6C /* Routing.framework */ = {isa = PBXFileReference; explicitFileType = wrapper.framework; includeInIndex = 0; path = Routing.framework; sourceTree = BUILT_PRODUCTS_DIR; };
		4065D86F2426FAC000ABCC6C /* RoutingFramework.h */ = {isa = PBXFileReference; lastKnownFileType = sourcecode.c.h; path = RoutingFramework.h; sourceTree = "<group>"; };
		4065D8702426FAC000ABCC6C /* Info.plist */ = {isa = PBXFileReference; lastKnownFileType = text.plist.xml; path = Info.plist; sourceTree = "<group>"; };
		408027D72427057A00F38E0D /* Routing_tvOS.framework */ = {isa = PBXFileReference; explicitFileType = wrapper.framework; includeInIndex = 0; path = Routing_tvOS.framework; sourceTree = BUILT_PRODUCTS_DIR; };
		408027D92427057A00F38E0D /* Routing_tvOS.h */ = {isa = PBXFileReference; lastKnownFileType = sourcecode.c.h; path = Routing_tvOS.h; sourceTree = "<group>"; };
		408027DA2427057A00F38E0D /* Info.plist */ = {isa = PBXFileReference; lastKnownFileType = text.plist.xml; path = Info.plist; sourceTree = "<group>"; };
/* End PBXFileReference section */

/* Begin PBXFrameworksBuildPhase section */
		402C41EA241EF91300DC2376 /* Frameworks */ = {
			isa = PBXFrameworksBuildPhase;
			buildActionMask = 2147483647;
			files = (
			);
			runOnlyForDeploymentPostprocessing = 0;
		};
		4065D86A2426FAC000ABCC6C /* Frameworks */ = {
			isa = PBXFrameworksBuildPhase;
			buildActionMask = 2147483647;
			files = (
			);
			runOnlyForDeploymentPostprocessing = 0;
		};
		408027D42427057A00F38E0D /* Frameworks */ = {
			isa = PBXFrameworksBuildPhase;
			buildActionMask = 2147483647;
			files = (
			);
			runOnlyForDeploymentPostprocessing = 0;
		};
/* End PBXFrameworksBuildPhase section */

/* Begin PBXGroup section */
		402C41E4241EF91300DC2376 = {
			isa = PBXGroup;
			children = (
				402C41EF241EF91300DC2376 /* Routing */,
				4065D86E2426FAC000ABCC6C /* RoutingFramework */,
				408027D82427057A00F38E0D /* Routing-tvOS */,
				402C41EE241EF91300DC2376 /* Products */,
			);
			sourceTree = "<group>";
		};
		402C41EE241EF91300DC2376 /* Products */ = {
			isa = PBXGroup;
			children = (
				402C41ED241EF91300DC2376 /* libRoutingStaticLibrary.a */,
				4065D86D2426FAC000ABCC6C /* Routing.framework */,
				408027D72427057A00F38E0D /* Routing_tvOS.framework */,
			);
			name = Products;
			sourceTree = "<group>";
		};
		402C41EF241EF91300DC2376 /* Routing */ = {
			isa = PBXGroup;
			children = (
				4065D88C2426FCC600ABCC6C /* Resources */,
				402C41F7241EF99800DC2376 /* Sources */,
				4065D86F2426FAC000ABCC6C /* RoutingFramework.h */,
			);
			path = Routing;
			sourceTree = "<group>";
		};
		402C41F7241EF99800DC2376 /* Sources */ = {
			isa = PBXGroup;
			children = (
				402C4209241EFB0600DC2376 /* Components */,
				402C4200241EFA8800DC2376 /* Extensions */,
				402C41FB241EFA2600DC2376 /* Protocols */,
				402C41F8241EF99C00DC2376 /* Enums */,
			);
			path = Sources;
			sourceTree = "<group>";
		};
		402C41F8241EF99C00DC2376 /* Enums */ = {
			isa = PBXGroup;
			children = (
				402C41F9241EF9E000DC2376 /* NavigationType.swift */,
			);
			path = Enums;
			sourceTree = "<group>";
		};
		402C41FB241EFA2600DC2376 /* Protocols */ = {
			isa = PBXGroup;
			children = (
				402C41FC241EFA3400DC2376 /* Wireframing.swift */,
				402C41FE241EFA5200DC2376 /* Navigating.swift */,
				402C4207241EFAEB00DC2376 /* Routing.swift */,
			);
			path = Protocols;
			sourceTree = "<group>";
		};
		402C4200241EFA8800DC2376 /* Extensions */ = {
			isa = PBXGroup;
			children = (
				402C4201241EFA9700DC2376 /* UIWindown+Navigating.swift */,
				402C4203241EFAC100DC2376 /* UINavigationController+Navigating.swift */,
				402C4205241EFACC00DC2376 /* UITabBarController+Navigating.swift */,
				402C420D241EFB5400DC2376 /* Router+UITabBarControllerDelegate.swift */,
				402C420F241EFBE800DC2376 /* Navigating+Default.swift */,
			);
			path = Extensions;
			sourceTree = "<group>";
		};
		402C4209241EFB0600DC2376 /* Components */ = {
			isa = PBXGroup;
			children = (
				402C4215241F006A00DC2376 /* AppURL */,
				402C420A241EFB0C00DC2376 /* Router */,
			);
			path = Components;
			sourceTree = "<group>";
		};
		402C420A241EFB0C00DC2376 /* Router */ = {
			isa = PBXGroup;
			children = (
				402C420B241EFB1200DC2376 /* Router.swift */,
			);
			path = Router;
			sourceTree = "<group>";
		};
		402C4215241F006A00DC2376 /* AppURL */ = {
			isa = PBXGroup;
			children = (
				402C4216241F007300DC2376 /* AppURL.swift */,
			);
			path = AppURL;
			sourceTree = "<group>";
		};
		4065D86E2426FAC000ABCC6C /* RoutingFramework */ = {
			isa = PBXGroup;
			children = (
			);
			path = RoutingFramework;
			sourceTree = "<group>";
		};
		4065D88C2426FCC600ABCC6C /* Resources */ = {
			isa = PBXGroup;
			children = (
				4065D8702426FAC000ABCC6C /* Info.plist */,
			);
			path = Resources;
			sourceTree = "<group>";
		};
		408027D82427057A00F38E0D /* Routing-tvOS */ = {
			isa = PBXGroup;
			children = (
				408027D92427057A00F38E0D /* Routing_tvOS.h */,
				408027DA2427057A00F38E0D /* Info.plist */,
			);
			path = "Routing-tvOS";
			sourceTree = "<group>";
		};
/* End PBXGroup section */

/* Begin PBXHeadersBuildPhase section */
		4065D8682426FAC000ABCC6C /* Headers */ = {
			isa = PBXHeadersBuildPhase;
			buildActionMask = 2147483647;
			files = (
				4065D8712426FAC000ABCC6C /* RoutingFramework.h in Headers */,
			);
			runOnlyForDeploymentPostprocessing = 0;
		};
		408027D22427057A00F38E0D /* Headers */ = {
			isa = PBXHeadersBuildPhase;
			buildActionMask = 2147483647;
			files = (
				408027DB2427057A00F38E0D /* Routing_tvOS.h in Headers */,
			);
			runOnlyForDeploymentPostprocessing = 0;
		};
/* End PBXHeadersBuildPhase section */

/* Begin PBXNativeTarget section */
		402C41EC241EF91300DC2376 /* RoutingStaticLibrary */ = {
			isa = PBXNativeTarget;
			buildConfigurationList = 402C41F4241EF91300DC2376 /* Build configuration list for PBXNativeTarget "RoutingStaticLibrary" */;
			buildPhases = (
				402C41E9241EF91300DC2376 /* Sources */,
				402C41EA241EF91300DC2376 /* Frameworks */,
				402C41EB241EF91300DC2376 /* CopyFiles */,
			);
			buildRules = (
			);
			dependencies = (
			);
			name = RoutingStaticLibrary;
			productName = Routing;
			productReference = 402C41ED241EF91300DC2376 /* libRoutingStaticLibrary.a */;
			productType = "com.apple.product-type.library.static";
		};
		4065D86C2426FAC000ABCC6C /* Routing */ = {
			isa = PBXNativeTarget;
			buildConfigurationList = 4065D8722426FAC000ABCC6C /* Build configuration list for PBXNativeTarget "Routing" */;
			buildPhases = (
				4065D8682426FAC000ABCC6C /* Headers */,
				4065D8692426FAC000ABCC6C /* Sources */,
				4065D86A2426FAC000ABCC6C /* Frameworks */,
				4065D86B2426FAC000ABCC6C /* Resources */,
			);
			buildRules = (
			);
			dependencies = (
			);
			name = Routing;
			productName = RoutingFramework;
			productReference = 4065D86D2426FAC000ABCC6C /* Routing.framework */;
			productType = "com.apple.product-type.framework";
		};
		408027D62427057A00F38E0D /* Routing-tvOS */ = {
			isa = PBXNativeTarget;
			buildConfigurationList = 408027DE2427057A00F38E0D /* Build configuration list for PBXNativeTarget "Routing-tvOS" */;
			buildPhases = (
				408027D22427057A00F38E0D /* Headers */,
				408027D32427057A00F38E0D /* Sources */,
				408027D42427057A00F38E0D /* Frameworks */,
				408027D52427057A00F38E0D /* Resources */,
			);
			buildRules = (
			);
			dependencies = (
			);
			name = "Routing-tvOS";
			productName = "Routing-tvOS";
			productReference = 408027D72427057A00F38E0D /* Routing_tvOS.framework */;
			productType = "com.apple.product-type.framework";
		};
/* End PBXNativeTarget section */

/* Begin PBXProject section */
		402C41E5241EF91300DC2376 /* Project object */ = {
			isa = PBXProject;
			attributes = {
				LastSwiftUpdateCheck = 1130;
				LastUpgradeCheck = 1130;
				ORGANIZATIONNAME = "Ilias Pavlidakis";
				TargetAttributes = {
					402C41EC241EF91300DC2376 = {
						CreatedOnToolsVersion = 11.3;
						LastSwiftMigration = 1130;
					};
					4065D86C2426FAC000ABCC6C = {
						CreatedOnToolsVersion = 11.3;
					};
					408027D62427057A00F38E0D = {
						CreatedOnToolsVersion = 11.3;
					};
				};
			};
			buildConfigurationList = 402C41E8241EF91300DC2376 /* Build configuration list for PBXProject "Routing" */;
			compatibilityVersion = "Xcode 9.3";
			developmentRegion = en;
			hasScannedForEncodings = 0;
			knownRegions = (
				en,
				Base,
			);
			mainGroup = 402C41E4241EF91300DC2376;
			productRefGroup = 402C41EE241EF91300DC2376 /* Products */;
			projectDirPath = "";
			projectRoot = "";
			targets = (
				402C41EC241EF91300DC2376 /* RoutingStaticLibrary */,
				4065D86C2426FAC000ABCC6C /* Routing */,
				408027D62427057A00F38E0D /* Routing-tvOS */,
			);
		};
/* End PBXProject section */

/* Begin PBXResourcesBuildPhase section */
		4065D86B2426FAC000ABCC6C /* Resources */ = {
			isa = PBXResourcesBuildPhase;
			buildActionMask = 2147483647;
			files = (
			);
			runOnlyForDeploymentPostprocessing = 0;
		};
		408027D52427057A00F38E0D /* Resources */ = {
			isa = PBXResourcesBuildPhase;
			buildActionMask = 2147483647;
			files = (
			);
			runOnlyForDeploymentPostprocessing = 0;
		};
/* End PBXResourcesBuildPhase section */

/* Begin PBXSourcesBuildPhase section */
		402C41E9241EF91300DC2376 /* Sources */ = {
			isa = PBXSourcesBuildPhase;
			buildActionMask = 2147483647;
			files = (
				402C420C241EFB1200DC2376 /* Router.swift in Sources */,
				402C4202241EFA9700DC2376 /* UIWindown+Navigating.swift in Sources */,
				402C4206241EFACC00DC2376 /* UITabBarController+Navigating.swift in Sources */,
				402C4208241EFAEB00DC2376 /* Routing.swift in Sources */,
				402C41FD241EFA3400DC2376 /* Wireframing.swift in Sources */,
				402C41FF241EFA5200DC2376 /* Navigating.swift in Sources */,
				402C41FA241EF9E000DC2376 /* NavigationType.swift in Sources */,
				402C4217241F007300DC2376 /* AppURL.swift in Sources */,
				402C4210241EFBE800DC2376 /* Navigating+Default.swift in Sources */,
				402C4204241EFAC100DC2376 /* UINavigationController+Navigating.swift in Sources */,
				402C420E241EFB5400DC2376 /* Router+UITabBarControllerDelegate.swift in Sources */,
			);
			runOnlyForDeploymentPostprocessing = 0;
		};
		4065D8692426FAC000ABCC6C /* Sources */ = {
			isa = PBXSourcesBuildPhase;
			buildActionMask = 2147483647;
			files = (
				4065D8962426FCDC00ABCC6C /* Routing.swift in Sources */,
				4065D88F2426FCDC00ABCC6C /* UIWindown+Navigating.swift in Sources */,
				4065D8972426FCDC00ABCC6C /* NavigationType.swift in Sources */,
				4065D8932426FCDC00ABCC6C /* Navigating+Default.swift in Sources */,
				4065D88E2426FCDC00ABCC6C /* Router.swift in Sources */,
				4065D88D2426FCDC00ABCC6C /* AppURL.swift in Sources */,
				4065D8902426FCDC00ABCC6C /* UINavigationController+Navigating.swift in Sources */,
				4065D8912426FCDC00ABCC6C /* UITabBarController+Navigating.swift in Sources */,
				4065D8922426FCDC00ABCC6C /* Router+UITabBarControllerDelegate.swift in Sources */,
				4065D8952426FCDC00ABCC6C /* Navigating.swift in Sources */,
				4065D8942426FCDC00ABCC6C /* Wireframing.swift in Sources */,
			);
			runOnlyForDeploymentPostprocessing = 0;
		};
		408027D32427057A00F38E0D /* Sources */ = {
			isa = PBXSourcesBuildPhase;
			buildActionMask = 2147483647;
			files = (
				408027E82427058E00F38E0D /* Routing.swift in Sources */,
				408027E12427058E00F38E0D /* UIWindown+Navigating.swift in Sources */,
				408027E92427058E00F38E0D /* NavigationType.swift in Sources */,
				408027E52427058E00F38E0D /* Navigating+Default.swift in Sources */,
				408027E02427058E00F38E0D /* Router.swift in Sources */,
				408027DF2427058E00F38E0D /* AppURL.swift in Sources */,
				408027E22427058E00F38E0D /* UINavigationController+Navigating.swift in Sources */,
				408027E32427058E00F38E0D /* UITabBarController+Navigating.swift in Sources */,
				408027E42427058E00F38E0D /* Router+UITabBarControllerDelegate.swift in Sources */,
				408027E72427058E00F38E0D /* Navigating.swift in Sources */,
				408027E62427058E00F38E0D /* Wireframing.swift in Sources */,
			);
			runOnlyForDeploymentPostprocessing = 0;
		};
/* End PBXSourcesBuildPhase section */

/* Begin XCBuildConfiguration section */
		402C41F2241EF91300DC2376 /* Debug */ = {
			isa = XCBuildConfiguration;
			buildSettings = {
				ALWAYS_SEARCH_USER_PATHS = NO;
				CLANG_ANALYZER_NONNULL = YES;
				CLANG_ANALYZER_NUMBER_OBJECT_CONVERSION = YES_AGGRESSIVE;
				CLANG_CXX_LANGUAGE_STANDARD = "gnu++14";
				CLANG_CXX_LIBRARY = "libc++";
				CLANG_ENABLE_MODULES = YES;
				CLANG_ENABLE_OBJC_ARC = YES;
				CLANG_ENABLE_OBJC_WEAK = YES;
				CLANG_WARN_BLOCK_CAPTURE_AUTORELEASING = YES;
				CLANG_WARN_BOOL_CONVERSION = YES;
				CLANG_WARN_COMMA = YES;
				CLANG_WARN_CONSTANT_CONVERSION = YES;
				CLANG_WARN_DEPRECATED_OBJC_IMPLEMENTATIONS = YES;
				CLANG_WARN_DIRECT_OBJC_ISA_USAGE = YES_ERROR;
				CLANG_WARN_DOCUMENTATION_COMMENTS = YES;
				CLANG_WARN_EMPTY_BODY = YES;
				CLANG_WARN_ENUM_CONVERSION = YES;
				CLANG_WARN_INFINITE_RECURSION = YES;
				CLANG_WARN_INT_CONVERSION = YES;
				CLANG_WARN_NON_LITERAL_NULL_CONVERSION = YES;
				CLANG_WARN_OBJC_IMPLICIT_RETAIN_SELF = YES;
				CLANG_WARN_OBJC_LITERAL_CONVERSION = YES;
				CLANG_WARN_OBJC_ROOT_CLASS = YES_ERROR;
				CLANG_WARN_RANGE_LOOP_ANALYSIS = YES;
				CLANG_WARN_STRICT_PROTOTYPES = YES;
				CLANG_WARN_SUSPICIOUS_MOVE = YES;
				CLANG_WARN_UNGUARDED_AVAILABILITY = YES_AGGRESSIVE;
				CLANG_WARN_UNREACHABLE_CODE = YES;
				CLANG_WARN__DUPLICATE_METHOD_MATCH = YES;
				COPY_PHASE_STRIP = NO;
				DEBUG_INFORMATION_FORMAT = dwarf;
				ENABLE_STRICT_OBJC_MSGSEND = YES;
				ENABLE_TESTABILITY = YES;
				GCC_C_LANGUAGE_STANDARD = gnu11;
				GCC_DYNAMIC_NO_PIC = NO;
				GCC_NO_COMMON_BLOCKS = YES;
				GCC_OPTIMIZATION_LEVEL = 0;
				GCC_PREPROCESSOR_DEFINITIONS = (
					"DEBUG=1",
					"$(inherited)",
				);
				GCC_WARN_64_TO_32_BIT_CONVERSION = YES;
				GCC_WARN_ABOUT_RETURN_TYPE = YES_ERROR;
				GCC_WARN_UNDECLARED_SELECTOR = YES;
				GCC_WARN_UNINITIALIZED_AUTOS = YES_AGGRESSIVE;
				GCC_WARN_UNUSED_FUNCTION = YES;
				GCC_WARN_UNUSED_VARIABLE = YES;
				IPHONEOS_DEPLOYMENT_TARGET = 13.0;
				MACOSX_DEPLOYMENT_TARGET = 10.15;
				MTL_ENABLE_DEBUG_INFO = INCLUDE_SOURCE;
				MTL_FAST_MATH = YES;
				ONLY_ACTIVE_ARCH = YES;
				SDKROOT = iphoneos;
				SUPPORTS_MACCATALYST = YES;
				SWIFT_ACTIVE_COMPILATION_CONDITIONS = DEBUG;
				SWIFT_OPTIMIZATION_LEVEL = "-Onone";
				TVOS_DEPLOYMENT_TARGET = 13.0;
				WATCHOS_DEPLOYMENT_TARGET = 6.0;
			};
			name = Debug;
		};
		402C41F3241EF91300DC2376 /* Release */ = {
			isa = XCBuildConfiguration;
			buildSettings = {
				ALWAYS_SEARCH_USER_PATHS = NO;
				CLANG_ANALYZER_NONNULL = YES;
				CLANG_ANALYZER_NUMBER_OBJECT_CONVERSION = YES_AGGRESSIVE;
				CLANG_CXX_LANGUAGE_STANDARD = "gnu++14";
				CLANG_CXX_LIBRARY = "libc++";
				CLANG_ENABLE_MODULES = YES;
				CLANG_ENABLE_OBJC_ARC = YES;
				CLANG_ENABLE_OBJC_WEAK = YES;
				CLANG_WARN_BLOCK_CAPTURE_AUTORELEASING = YES;
				CLANG_WARN_BOOL_CONVERSION = YES;
				CLANG_WARN_COMMA = YES;
				CLANG_WARN_CONSTANT_CONVERSION = YES;
				CLANG_WARN_DEPRECATED_OBJC_IMPLEMENTATIONS = YES;
				CLANG_WARN_DIRECT_OBJC_ISA_USAGE = YES_ERROR;
				CLANG_WARN_DOCUMENTATION_COMMENTS = YES;
				CLANG_WARN_EMPTY_BODY = YES;
				CLANG_WARN_ENUM_CONVERSION = YES;
				CLANG_WARN_INFINITE_RECURSION = YES;
				CLANG_WARN_INT_CONVERSION = YES;
				CLANG_WARN_NON_LITERAL_NULL_CONVERSION = YES;
				CLANG_WARN_OBJC_IMPLICIT_RETAIN_SELF = YES;
				CLANG_WARN_OBJC_LITERAL_CONVERSION = YES;
				CLANG_WARN_OBJC_ROOT_CLASS = YES_ERROR;
				CLANG_WARN_RANGE_LOOP_ANALYSIS = YES;
				CLANG_WARN_STRICT_PROTOTYPES = YES;
				CLANG_WARN_SUSPICIOUS_MOVE = YES;
				CLANG_WARN_UNGUARDED_AVAILABILITY = YES_AGGRESSIVE;
				CLANG_WARN_UNREACHABLE_CODE = YES;
				CLANG_WARN__DUPLICATE_METHOD_MATCH = YES;
				COPY_PHASE_STRIP = NO;
				DEBUG_INFORMATION_FORMAT = "dwarf-with-dsym";
				ENABLE_NS_ASSERTIONS = NO;
				ENABLE_STRICT_OBJC_MSGSEND = YES;
				GCC_C_LANGUAGE_STANDARD = gnu11;
				GCC_NO_COMMON_BLOCKS = YES;
				GCC_WARN_64_TO_32_BIT_CONVERSION = YES;
				GCC_WARN_ABOUT_RETURN_TYPE = YES_ERROR;
				GCC_WARN_UNDECLARED_SELECTOR = YES;
				GCC_WARN_UNINITIALIZED_AUTOS = YES_AGGRESSIVE;
				GCC_WARN_UNUSED_FUNCTION = YES;
				GCC_WARN_UNUSED_VARIABLE = YES;
				IPHONEOS_DEPLOYMENT_TARGET = 13.0;
				MACOSX_DEPLOYMENT_TARGET = 10.15;
				MTL_ENABLE_DEBUG_INFO = NO;
				MTL_FAST_MATH = YES;
				SDKROOT = iphoneos;
				SUPPORTS_MACCATALYST = YES;
				SWIFT_COMPILATION_MODE = wholemodule;
				SWIFT_OPTIMIZATION_LEVEL = "-O";
				TVOS_DEPLOYMENT_TARGET = 13.0;
				VALIDATE_PRODUCT = YES;
				WATCHOS_DEPLOYMENT_TARGET = 6.0;
			};
			name = Release;
		};
		402C41F5241EF91300DC2376 /* Debug */ = {
			isa = XCBuildConfiguration;
			buildSettings = {
				CLANG_ENABLE_MODULES = YES;
				CODE_SIGN_STYLE = Automatic;
				DEVELOPMENT_TEAM = UBW6JB7T2F;
				LD_RUNPATH_SEARCH_PATHS = (
					"$(inherited)",
					"@executable_path/Frameworks",
					"@loader_path/Frameworks",
				);
				MACH_O_TYPE = mh_dylib;
				OTHER_LDFLAGS = "-ObjC";
				PRODUCT_NAME = "$(TARGET_NAME)";
				SKIP_INSTALL = YES;
				SWIFT_OPTIMIZATION_LEVEL = "-Onone";
				SWIFT_VERSION = 5.0;
				TARGETED_DEVICE_FAMILY = "1,2";
			};
			name = Debug;
		};
		402C41F6241EF91300DC2376 /* Release */ = {
			isa = XCBuildConfiguration;
			buildSettings = {
				CLANG_ENABLE_MODULES = YES;
				CODE_SIGN_STYLE = Automatic;
				DEVELOPMENT_TEAM = UBW6JB7T2F;
				LD_RUNPATH_SEARCH_PATHS = (
					"$(inherited)",
					"@executable_path/Frameworks",
					"@loader_path/Frameworks",
				);
				MACH_O_TYPE = mh_dylib;
				OTHER_LDFLAGS = "-ObjC";
				PRODUCT_NAME = "$(TARGET_NAME)";
				SKIP_INSTALL = YES;
				SWIFT_VERSION = 5.0;
				TARGETED_DEVICE_FAMILY = "1,2";
			};
			name = Release;
		};
		4065D8732426FAC000ABCC6C /* Debug */ = {
			isa = XCBuildConfiguration;
			buildSettings = {
				CODE_SIGN_IDENTITY = "Apple Development";
				"CODE_SIGN_IDENTITY[sdk=macosx*]" = "Apple Development";
				CODE_SIGN_STYLE = Automatic;
				CURRENT_PROJECT_VERSION = 1;
				DEFINES_MODULE = YES;
				DEVELOPMENT_TEAM = "";
				DYLIB_COMPATIBILITY_VERSION = 1;
				DYLIB_CURRENT_VERSION = 1;
				DYLIB_INSTALL_NAME_BASE = "@rpath";
				INFOPLIST_FILE = Routing/Resources/Info.plist;
				INSTALL_PATH = "$(LOCAL_LIBRARY_DIR)/Frameworks";
				IPHONEOS_DEPLOYMENT_TARGET = 13.0;
				LD_RUNPATH_SEARCH_PATHS = (
					"$(inherited)",
					"@executable_path/Frameworks",
					"@loader_path/Frameworks",
				);
				PRODUCT_BUNDLE_IDENTIFIER = com.ipavlidakis.routing;
				PRODUCT_NAME = "$(TARGET_NAME:c99extidentifier)";
				PROVISIONING_PROFILE_SPECIFIER = "";
				"PROVISIONING_PROFILE_SPECIFIER[sdk=macosx*]" = "";
				SKIP_INSTALL = YES;
				SWIFT_VERSION = 5.0;
				TARGETED_DEVICE_FAMILY = "1,2";
				VERSIONING_SYSTEM = "apple-generic";
				VERSION_INFO_PREFIX = "";
			};
			name = Debug;
		};
		4065D8742426FAC000ABCC6C /* Release */ = {
			isa = XCBuildConfiguration;
			buildSettings = {
				CODE_SIGN_IDENTITY = "Apple Development";
				"CODE_SIGN_IDENTITY[sdk=macosx*]" = "Apple Development";
				CODE_SIGN_STYLE = Automatic;
				CURRENT_PROJECT_VERSION = 1;
				DEFINES_MODULE = YES;
				DEVELOPMENT_TEAM = "";
				DYLIB_COMPATIBILITY_VERSION = 1;
				DYLIB_CURRENT_VERSION = 1;
				DYLIB_INSTALL_NAME_BASE = "@rpath";
				INFOPLIST_FILE = Routing/Resources/Info.plist;
				INSTALL_PATH = "$(LOCAL_LIBRARY_DIR)/Frameworks";
				IPHONEOS_DEPLOYMENT_TARGET = 13.0;
				LD_RUNPATH_SEARCH_PATHS = (
					"$(inherited)",
					"@executable_path/Frameworks",
					"@loader_path/Frameworks",
				);
				PRODUCT_BUNDLE_IDENTIFIER = com.ipavlidakis.routing;
				PRODUCT_NAME = "$(TARGET_NAME:c99extidentifier)";
				PROVISIONING_PROFILE_SPECIFIER = "";
				"PROVISIONING_PROFILE_SPECIFIER[sdk=macosx*]" = "";
				SKIP_INSTALL = YES;
				SWIFT_VERSION = 5.0;
				TARGETED_DEVICE_FAMILY = "1,2";
				VERSIONING_SYSTEM = "apple-generic";
				VERSION_INFO_PREFIX = "";
			};
			name = Release;
		};
		408027DC2427057A00F38E0D /* Debug */ = {
			isa = XCBuildConfiguration;
			buildSettings = {
				CODE_SIGN_STYLE = Manual;
				CURRENT_PROJECT_VERSION = 1;
				DEFINES_MODULE = YES;
				DEVELOPMENT_TEAM = "";
				DYLIB_COMPATIBILITY_VERSION = 1;
				DYLIB_CURRENT_VERSION = 1;
				DYLIB_INSTALL_NAME_BASE = "@rpath";
				INFOPLIST_FILE = "Routing-tvOS/Info.plist";
				INSTALL_PATH = "$(LOCAL_LIBRARY_DIR)/Frameworks";
				LD_RUNPATH_SEARCH_PATHS = (
					"$(inherited)",
					"@executable_path/Frameworks",
					"@loader_path/Frameworks",
				);
				PRODUCT_BUNDLE_IDENTIFIER = "com.ipavlidakis.vesputio.routing.tvos.Routing-tvOS";
				PRODUCT_NAME = "$(TARGET_NAME:c99extidentifier)";
				PROVISIONING_PROFILE_SPECIFIER = "";
				"PROVISIONING_PROFILE_SPECIFIER[sdk=macosx*]" = "";
				SDKROOT = appletvos;
				SKIP_INSTALL = YES;
				SWIFT_VERSION = 5.0;
				TARGETED_DEVICE_FAMILY = 3;
				TVOS_DEPLOYMENT_TARGET = 13.0;
				VERSIONING_SYSTEM = "apple-generic";
				VERSION_INFO_PREFIX = "";
			};
			name = Debug;
		};
		408027DD2427057A00F38E0D /* Release */ = {
			isa = XCBuildConfiguration;
			buildSettings = {
				CODE_SIGN_STYLE = Manual;
				CURRENT_PROJECT_VERSION = 1;
				DEFINES_MODULE = YES;
				DEVELOPMENT_TEAM = "";
				DYLIB_COMPATIBILITY_VERSION = 1;
				DYLIB_CURRENT_VERSION = 1;
				DYLIB_INSTALL_NAME_BASE = "@rpath";
				INFOPLIST_FILE = "Routing-tvOS/Info.plist";
				INSTALL_PATH = "$(LOCAL_LIBRARY_DIR)/Frameworks";
				LD_RUNPATH_SEARCH_PATHS = (
					"$(inherited)",
					"@executable_path/Frameworks",
					"@loader_path/Frameworks",
				);
				PRODUCT_BUNDLE_IDENTIFIER = "com.ipavlidakis.vesputio.routing.tvos.Routing-tvOS";
				PRODUCT_NAME = "$(TARGET_NAME:c99extidentifier)";
				PROVISIONING_PROFILE_SPECIFIER = "";
				"PROVISIONING_PROFILE_SPECIFIER[sdk=macosx*]" = "";
				SDKROOT = appletvos;
				SKIP_INSTALL = YES;
				SWIFT_VERSION = 5.0;
				TARGETED_DEVICE_FAMILY = 3;
				TVOS_DEPLOYMENT_TARGET = 13.0;
				VERSIONING_SYSTEM = "apple-generic";
				VERSION_INFO_PREFIX = "";
			};
			name = Release;
		};
/* End XCBuildConfiguration section */

/* Begin XCConfigurationList section */
		402C41E8241EF91300DC2376 /* Build configuration list for PBXProject "Routing" */ = {
			isa = XCConfigurationList;
			buildConfigurations = (
				402C41F2241EF91300DC2376 /* Debug */,
				402C41F3241EF91300DC2376 /* Release */,
			);
			defaultConfigurationIsVisible = 0;
			defaultConfigurationName = Release;
		};
		402C41F4241EF91300DC2376 /* Build configuration list for PBXNativeTarget "RoutingStaticLibrary" */ = {
			isa = XCConfigurationList;
			buildConfigurations = (
				402C41F5241EF91300DC2376 /* Debug */,
				402C41F6241EF91300DC2376 /* Release */,
			);
			defaultConfigurationIsVisible = 0;
			defaultConfigurationName = Release;
		};
		4065D8722426FAC000ABCC6C /* Build configuration list for PBXNativeTarget "Routing" */ = {
			isa = XCConfigurationList;
			buildConfigurations = (
				4065D8732426FAC000ABCC6C /* Debug */,
				4065D8742426FAC000ABCC6C /* Release */,
			);
			defaultConfigurationIsVisible = 0;
			defaultConfigurationName = Release;
		};
		408027DE2427057A00F38E0D /* Build configuration list for PBXNativeTarget "Routing-tvOS" */ = {
			isa = XCConfigurationList;
			buildConfigurations = (
				408027DC2427057A00F38E0D /* Debug */,
				408027DD2427057A00F38E0D /* Release */,
			);
			defaultConfigurationIsVisible = 0;
			defaultConfigurationName = Release;
		};
/* End XCConfigurationList section */
	};
	rootObject = 402C41E5241EF91300DC2376 /* Project object */;
}
